
Microsoft Visual Studio Solution File, Format Version 12.00
# Visual Studio Version 17
VisualStudioVersion = 17.3.32804.467
MinimumVisualStudioVersion = 10.0.40219.1
Project("{FAE04EC0-301F-11D3-BF4B-00C04F79EFBC}") = "GP - Hangman Spil", "GP - Hangman Spil\GP - Hangman Spil.csproj", "{532CFE2D-408E-48C2-95F9-40F12FCFE61D}"
EndProject
Global
	GlobalSection(SolutionConfigurationPlatforms) = preSolution
		Debug|Any CPU = Debug|Any CPU
		Release|Any CPU = Release|Any CPU
	EndGlobalSection
	GlobalSection(ProjectConfigurationPlatforms) = postSolution
		{532CFE2D-408E-48C2-95F9-40F12FCFE61D}.Debug|Any CPU.ActiveCfg = Debug|Any CPU
		{532CFE2D-408E-48C2-95F9-40F12FCFE61D}.Debug|Any CPU.Build.0 = Debug|Any CPU
		{532CFE2D-408E-48C2-95F9-40F12FCFE61D}.Release|Any CPU.ActiveCfg = Release|Any CPU
		{532CFE2D-408E-48C2-95F9-40F12FCFE61D}.Release|Any CPU.Build.0 = Release|Any CPU
	EndGlobalSection
	GlobalSection(SolutionProperties) = preSolution
		HideSolutionNode = FALSE
	EndGlobalSection
	GlobalSection(ExtensibilityGlobals) = postSolution
		SolutionGuid = {6C543645-4C0E-4ADE-9C6D-9869FC905A65}
	EndGlobalSection
EndGlobal
